
Microsoft Visual Studio Solution File, Format Version 12.00
# Visual Studio Version 17
VisualStudioVersion = 17.3.32901.215
MinimumVisualStudioVersion = 10.0.40219.1
Project("{FAE04EC0-301F-11D3-BF4B-00C04F79EFBC}") = "Pianino", "Pianino\Pianino.csproj", "{F58462CC-6C64-4AC7-95DB-6134DE1CB29B}"
EndProject
Global
	GlobalSection(SolutionConfigurationPlatforms) = preSolution
		Debug|Any CPU = Debug|Any CPU
		Release|Any CPU = Release|Any CPU
	EndGlobalSection
	GlobalSection(ProjectConfigurationPlatforms) = postSolution
		{F58462CC-6C64-4AC7-95DB-6134DE1CB29B}.Debug|Any CPU.ActiveCfg = Debug|Any CPU
		{F58462CC-6C64-4AC7-95DB-6134DE1CB29B}.Debug|Any CPU.Build.0 = Debug|Any CPU
		{F58462CC-6C64-4AC7-95DB-6134DE1CB29B}.Release|Any CPU.ActiveCfg = Release|Any CPU
		{F58462CC-6C64-4AC7-95DB-6134DE1CB29B}.Release|Any CPU.Build.0 = Release|Any CPU
	EndGlobalSection
	GlobalSection(SolutionProperties) = preSolution
		HideSolutionNode = FALSE
	EndGlobalSection
	GlobalSection(ExtensibilityGlobals) = postSolution
		SolutionGuid = {FF57B46B-85F9-48B2-8DC1-A5901C616FF9}
	EndGlobalSection
EndGlobal
